
Microsoft Visual Studio Solution File, Format Version 12.00
# Visual Studio Version 17
VisualStudioVersion = 17.8.34330.188
MinimumVisualStudioVersion = 10.0.40219.1
Project("{9A19103F-16F7-4668-BE54-9A1E7A4F7556}") = "Talapat.Api", "Talapat.Api\Talapat.Api.csproj", "{34DE6A0C-E050-4856-BF2A-14F7675607DC}"
EndProject
Project("{FAE04EC0-301F-11D3-BF4B-00C04F79EFBC}") = "Talapat.DAL", "Talapat.DAL\Talapat.DAL.csproj", "{E7C53BB8-3523-4F2A-81B9-7F02CEFD28B2}"
EndProject
Project("{FAE04EC0-301F-11D3-BF4B-00C04F79EFBC}") = "Talapat.BLL", "Talapat.BLL\Talapat.BLL.csproj", "{40131D17-86C9-4563-B468-5306783EE6CA}"
EndProject
Global
	GlobalSection(SolutionConfigurationPlatforms) = preSolution
		Debug|Any CPU = Debug|Any CPU
		Release|Any CPU = Release|Any CPU
	EndGlobalSection
	GlobalSection(ProjectConfigurationPlatforms) = postSolution
		{34DE6A0C-E050-4856-BF2A-14F7675607DC}.Debug|Any CPU.ActiveCfg = Debug|Any CPU
		{34DE6A0C-E050-4856-BF2A-14F7675607DC}.Debug|Any CPU.Build.0 = Debug|Any CPU
		{34DE6A0C-E050-4856-BF2A-14F7675607DC}.Release|Any CPU.ActiveCfg = Release|Any CPU
		{34DE6A0C-E050-4856-BF2A-14F7675607DC}.Release|Any CPU.Build.0 = Release|Any CPU
		{E7C53BB8-3523-4F2A-81B9-7F02CEFD28B2}.Debug|Any CPU.ActiveCfg = Debug|Any CPU
		{E7C53BB8-3523-4F2A-81B9-7F02CEFD28B2}.Debug|Any CPU.Build.0 = Debug|Any CPU
		{E7C53BB8-3523-4F2A-81B9-7F02CEFD28B2}.Release|Any CPU.ActiveCfg = Release|Any CPU
		{E7C53BB8-3523-4F2A-81B9-7F02CEFD28B2}.Release|Any CPU.Build.0 = Release|Any CPU
		{40131D17-86C9-4563-B468-5306783EE6CA}.Debug|Any CPU.ActiveCfg = Debug|Any CPU
		{40131D17-86C9-4563-B468-5306783EE6CA}.Debug|Any CPU.Build.0 = Debug|Any CPU
		{40131D17-86C9-4563-B468-5306783EE6CA}.Release|Any CPU.ActiveCfg = Release|Any CPU
		{40131D17-86C9-4563-B468-5306783EE6CA}.Release|Any CPU.Build.0 = Release|Any CPU
	EndGlobalSection
	GlobalSection(SolutionProperties) = preSolution
		HideSolutionNode = FALSE
	EndGlobalSection
	GlobalSection(ExtensibilityGlobals) = postSolution
		SolutionGuid = {56919795-8E13-451B-A5A1-0B618106CD29}
	EndGlobalSection
EndGlobal
